<Solution>
  <Folder Name="/apps/" />
  <Folder Name="/apps/communications/" />
  <Folder Name="/apps/communications/backend/">
    <Project Path="apps/communications/backend/Communications.Module.Tests/Communications.Module.Tests.csproj" />
    <Project Path="apps/communications/backend/Communications.Module/Communications.Module.csproj" />
  </Folder>
  <Folder Name="/apps/communications/frontend/" />
  <Folder Name="/apps/customers/" />
  <Folder Name="/apps/customers/backend/">
    <Project Path="apps/customers/backend/Customers.Module.Tests/Customers.Module.Tests.csproj" />
    <Project Path="apps/customers/backend/Customers.Module/Customers.Module.csproj" />
  </Folder>
  <Folder Name="/apps/customers/frontend/" />
  <Folder Name="/apps/products/" />
  <Folder Name="/apps/products/backend/">
    <Project Path="apps/products/backend/Products.Module.Tests/Products.Module.Tests.csproj" />
    <Project Path="apps/products/backend/Products.Module/Products.Module.csproj" />
  </Folder>
  <Folder Name="/apps/products/frontend/" />
  <Folder Name="/orchestration/">
    <Project Path="orchestration/AppHost/AppHost.csproj" />
  </Folder>
  <Folder Name="/apps/host/backend/">
    <Project Path="apps/host/backend/Vantigo.Host/Vantigo.Host.csproj" />
    <Project Path="apps/host/backend/Vantigo.Host.Tests/Vantigo.Host.Tests.csproj" />
  </Folder>
  <Folder Name="/apps/identity/" />
  <Folder Name="/apps/identity/backend/">
    <Project Path="apps/identity/backend/Identity.Module/Identity.Module.csproj" />
    <Project Path="apps/identity/backend/Identity.Module.Tests/Identity.Module.Tests.csproj" />
  </Folder>
  <Folder Name="/packages/">
    <Project Path="packages/architecture/Vantigo.Architecture.Tests/Vantigo.Architecture.Tests.csproj" />
    <Project Path="packages/configuration/Vantigo.Configuration.Tests/Vantigo.Configuration.Tests.csproj" />
    <Project Path="packages/configuration/Vantigo.Configuration/Vantigo.Configuration.csproj" />
    <Project Path="packages/contracts/Vantigo.Contracts/Vantigo.Contracts.csproj" />
    <Project Path="packages/dataprotection-postgresql/Vantigo.DataProtection.PostgreSql/Vantigo.DataProtection.PostgreSql.csproj" />
  </Folder>
</Solution>
