<Solution>
  <Folder Name="/apps/" />
  <Folder Name="/apps/communications/" />
  <Folder Name="/apps/communications/backend/">
    <Project Path="apps/communications/backend/Communications.Api.Tests/Communications.Api.Tests.csproj" />
    <Project Path="apps/communications/backend/Communications.Api/Communications.Api.csproj" />
  </Folder>
  <Folder Name="/apps/communications/frontend/" />
  <Folder Name="/apps/customers/" />
  <Folder Name="/apps/customers/backend/">
    <Project Path="apps/customers/backend/Customers.Api.Tests/Customers.Api.Tests.csproj" />
    <Project Path="apps/customers/backend/Customers.Api/Customers.Api.csproj" />
  </Folder>
  <Folder Name="/apps/customers/frontend/" />
  <Folder Name="/orchestration/">
    <Project Path="orchestration/AppHost/AppHost.csproj" />
  </Folder>
  <Folder Name="/packages/">
    <Project Path="packages/hosting/Vantigo.Hosting.Tests/Vantigo.Hosting.Tests.csproj" />
    <Project Path="packages/hosting/Vantigo.Hosting/Vantigo.Hosting.csproj" />
  </Folder>
</Solution>
